{
  "name": "tic-tac-toe",
  "version": "1.0.0",
  "lockfileVersion": 2,
  "requires": true,
  "packages": {
    "": {
      "name": "tic-tac-toe",
      "version": "1.0.0",
      "dependencies": {
        "@microsoft/signalr": "^5.0.17",
        "react": "^18.2.0",
        "react-dom": "^18.2.0"
      },
      "devDependencies": {
        "vite": "^2.4.0"
      }
    },
    "node_modules/@microsoft/signalr": {
      "version": "5.0.17",
      "resolved": "https://registry.npmjs.org/@microsoft/signalr/-/signalr-5.0.17.tgz",
      "integrity": "sha512-zTjFxjh67WWCe35ZipsqkktM5mM+MsckyyI2ZvFmYWR7ibpUoAyZI1DFdYfwXfsyBdlykDaW84o9lrB+9tDpaA==",
      "dependencies": {
        "abort-controller": "^3.0.0",
        "eventsource": "^1.0.7",
        "fetch-cookie": "^0.7.3",
        "node-fetch": "^2.6.7",
        "ws": "^6.0.0"
      }
    },
    "node_modules/abort-controller": {
      "version": "3.0.0",
      "resolved": "https://registry.npmjs.org/abort-controller/-/abort-controller-3.0.0.tgz",
      "integrity": "sha512-h8lQ8tacZYnR3vNQTgibj+tODHI5/+l06Au2Pcriv/Gmet0eaj4TwWH41sO9wnHDiQsEj19q0drzdWdeAHtweg==",
      "dependencies": {
        "event-target-shim": "^5.0.0"
      },
      "engines": {
        "node": ">=6.5"
      }
    },
    "node_modules/async-limiter": {
      "version": "1.0.1",
      "resolved": "https://registry.npmjs.org/async-limiter/-/async-limiter-1.0.1.tgz",
      "integrity": "sha512-csOlWGAcRFJaI6m+F2WKdnMKr4HhdhFVBk0H/QbJFMCr+uO2kwohwXQPxw/9OCxp05r5ghVBFSyioixx3gfkNQ=="
    },
    "node_modules/colorette": {
      "version": "1.2.2",
      "resolved": "https://registry.npmjs.org/colorette/-/colorette-1.2.2.tgz",
      "integrity": "sha512-MKGMzyfeuutC/ZJ1cba9NqcNpfeqMUcYmyF1ZFY6/Cn7CNSAKx6a+s48sqLqyAiZuaP2TcqMhoo+dlwFnVxT9w==",
      "dev": true
    },
    "node_modules/es6-denodeify": {
      "version": "0.1.5",
      "resolved": "https://registry.npmjs.org/es6-denodeify/-/es6-denodeify-0.1.5.tgz",
      "integrity": "sha512-731Rf4NqlPvhkT1pIF7r8vZxESJlWocNpXLuyPlVnfEGXlwuJaMvU5WpyyDjpudDC2cgXVX849xljzvQqBg1QQ=="
    },
    "node_modules/esbuild": {
      "version": "0.12.14",
      "resolved": "https://registry.npmjs.org/esbuild/-/esbuild-0.12.14.tgz",
      "integrity": "sha512-z8p+6FGiplR7a3pPonXREbm+8IeXjBGvDpVidZmGB/AJMsJSfGCU+n7KOMCazA9AwvagadRWBhiKorC0w9WJvw==",
      "dev": true,
      "hasInstallScript": true,
      "bin": {
        "esbuild": "bin/esbuild"
      }
    },
    "node_modules/event-target-shim": {
      "version": "5.0.1",
      "resolved": "https://registry.npmjs.org/event-target-shim/-/event-target-shim-5.0.1.tgz",
      "integrity": "sha512-i/2XbnSz/uxRCU6+NdVJgKWDTM427+MqYbkQzD321DuCQJUqOuJKIA0IM2+W2xtYHdKOmZ4dR6fExsd4SXL+WQ==",
      "engines": {
        "node": ">=6"
      }
    },
    "node_modules/eventsource": {
      "version": "1.1.2",
      "resolved": "https://registry.npmjs.org/eventsource/-/eventsource-1.1.2.tgz",
      "integrity": "sha512-xAH3zWhgO2/3KIniEKYPr8plNSzlGINOUqYj0m0u7AB81iRw8b/3E73W6AuU+6klLbaSFmZnaETQ2lXPfAydrA==",
      "engines": {
        "node": ">=0.12.0"
      }
    },
    "node_modules/fetch-cookie": {
      "version": "0.7.3",
      "resolved": "https://registry.npmjs.org/fetch-cookie/-/fetch-cookie-0.7.3.tgz",
      "integrity": "sha512-rZPkLnI8x5V+zYAiz8QonAHsTb4BY+iFowFBI1RFn0zrO343AVp9X7/yUj/9wL6Ef/8fLls8b/vGtzUvmyAUGA==",
      "dependencies": {
        "es6-denodeify": "^0.1.1",
        "tough-cookie": "^2.3.3"
      }
    },
    "node_modules/fsevents": {
      "version": "2.3.2",
      "resolved": "https://registry.npmjs.org/fsevents/-/fsevents-2.3.2.tgz",
      "integrity": "sha512-xiqMQR4xAeHTuB9uWm+fFRcIOgKBMiOBP+eXiyT7jsgVCq1bkVygt00oASowB7EdtpOHaaPgKt812P9ab+DDKA==",
      "dev": true,
      "hasInstallScript": true,
      "optional": true,
      "os": [
        "darwin"
      ],
      "engines": {
        "node": "^8.16.0 || ^10.6.0 || >=11.0.0"
      }
    },
    "node_modules/function-bind": {
      "version": "1.1.1",
      "resolved": "https://registry.npmjs.org/function-bind/-/function-bind-1.1.1.tgz",
      "integrity": "sha512-yIovAzMX49sF8Yl58fSCWJ5svSLuaibPxXQJFLmBObTuCr0Mf1KiPopGM9NiFjiYBCbfaa2Fh6breQ6ANVTI0A==",
      "dev": true
    },
    "node_modules/has": {
      "version": "1.0.3",
      "resolved": "https://registry.npmjs.org/has/-/has-1.0.3.tgz",
      "integrity": "sha512-f2dvO0VU6Oej7RkWJGrehjbzMAjFp5/VKPp5tTpWIV4JHHZK1/BxbFRtf/siA2SWTe09caDmVtYYzWEIbBS4zw==",
      "dev": true,
      "dependencies": {
        "function-bind": "^1.1.1"
      },
      "engines": {
        "node": ">= 0.4.0"
      }
    },
    "node_modules/is-core-module": {
      "version": "2.4.0",
      "resolved": "https://registry.npmjs.org/is-core-module/-/is-core-module-2.4.0.tgz",
      "integrity": "sha512-6A2fkfq1rfeQZjxrZJGerpLCTHRNEBiSgnu0+obeJpEPZRUooHgsizvzv0ZjJwOz3iWIHdJtVWJ/tmPr3D21/A==",
      "dev": true,
      "dependencies": {
        "has": "^1.0.3"
      },
      "funding": {
        "url": "https://github.com/sponsors/ljharb"
      }
    },
    "node_modules/js-tokens": {
      "version": "4.0.0",
      "resolved": "https://registry.npmjs.org/js-tokens/-/js-tokens-4.0.0.tgz",
      "integrity": "sha512-RdJUflcE3cUzKiMqQgsCu06FPu9UdIJO0beYbPhHN4k6apgJtifcoCtT9bcxOpYBtpD2kCM6Sbzg4CausW/PKQ=="
    },
    "node_modules/loose-envify": {
      "version": "1.4.0",
      "resolved": "https://registry.npmjs.org/loose-envify/-/loose-envify-1.4.0.tgz",
      "integrity": "sha512-lyuxPGr/Wfhrlem2CL/UcnUc1zcqKAImBDzukY7Y5F/yQiNdko6+fRLevlw1HgMySw7f611UIY408EtxRSoK3Q==",
      "dependencies": {
        "js-tokens": "^3.0.0 || ^4.0.0"
      },
      "bin": {
        "loose-envify": "cli.js"
      }
    },
    "node_modules/nanoid": {
      "version": "3.1.23",
      "resolved": "https://registry.npmjs.org/nanoid/-/nanoid-3.1.23.tgz",
      "integrity": "sha512-FiB0kzdP0FFVGDKlRLEQ1BgDzU87dy5NnzjeW9YZNt+/c3+q82EQDUwniSAUxp/F0gFNI1ZhKU1FqYsMuqZVnw==",
      "dev": true,
      "bin": {
        "nanoid": "bin/nanoid.cjs"
      },
      "engines": {
        "node": "^10 || ^12 || ^13.7 || ^14 || >=15.0.1"
      }
    },
    "node_modules/node-fetch": {
      "version": "2.6.7",
      "resolved": "https://registry.npmjs.org/node-fetch/-/node-fetch-2.6.7.tgz",
      "integrity": "sha512-ZjMPFEfVx5j+y2yF35Kzx5sF7kDzxuDj6ziH4FFbOp87zKDZNx8yExJIb05OGF4Nlt9IHFIMBkRl41VdvcNdbQ==",
      "dependencies": {
        "whatwg-url": "^5.0.0"
      },
      "engines": {
        "node": "4.x || >=6.0.0"
      },
      "peerDependencies": {
        "encoding": "^0.1.0"
      },
      "peerDependenciesMeta": {
        "encoding": {
          "optional": true
        }
      }
    },
    "node_modules/path-parse": {
      "version": "1.0.7",
      "resolved": "https://registry.npmjs.org/path-parse/-/path-parse-1.0.7.tgz",
      "integrity": "sha512-LDJzPVEEEPR+y48z93A0Ed0yXb8pAByGWo/k5YYdYgpY2/2EsOsksJrq7lOHxryrVOn1ejG6oAp8ahvOIQD8sw==",
      "dev": true
    },
    "node_modules/postcss": {
      "version": "8.3.5",
      "resolved": "https://registry.npmjs.org/postcss/-/postcss-8.3.5.tgz",
      "integrity": "sha512-NxTuJocUhYGsMiMFHDUkmjSKT3EdH4/WbGF6GCi1NDGk+vbcUTun4fpbOqaPtD8IIsztA2ilZm2DhYCuyN58gA==",
      "dev": true,
      "dependencies": {
        "colorette": "^1.2.2",
        "nanoid": "^3.1.23",
        "source-map-js": "^0.6.2"
      },
      "engines": {
        "node": "^10 || ^12 || >=14"
      },
      "funding": {
        "type": "opencollective",
        "url": "https://opencollective.com/postcss/"
      }
    },
    "node_modules/psl": {
      "version": "1.9.0",
      "resolved": "https://registry.npmjs.org/psl/-/psl-1.9.0.tgz",
      "integrity": "sha512-E/ZsdU4HLs/68gYzgGTkMicWTLPdAftJLfJFlLUAAKZGkStNU72sZjT66SnMDVOfOWY/YAoiD7Jxa9iHvngcag=="
    },
    "node_modules/punycode": {
      "version": "2.1.1",
      "resolved": "https://registry.npmjs.org/punycode/-/punycode-2.1.1.tgz",
      "integrity": "sha512-XRsRjdf+j5ml+y/6GKHPZbrF/8p2Yga0JPtdqTIY2Xe5ohJPD9saDJJLPvp9+NSBprVvevdXZybnj2cv8OEd0A==",
      "engines": {
        "node": ">=6"
      }
    },
    "node_modules/react": {
      "version": "18.2.0",
      "resolved": "https://registry.npmjs.org/react/-/react-18.2.0.tgz",
      "integrity": "sha512-/3IjMdb2L9QbBdWiW5e3P2/npwMBaU9mHCSCUzNln0ZCYbcfTsGbTJrU/kGemdH2IWmB2ioZ+zkxtmq6g09fGQ==",
      "dependencies": {
        "loose-envify": "^1.1.0"
      },
      "engines": {
        "node": ">=0.10.0"
      }
    },
    "node_modules/react-dom": {
      "version": "18.2.0",
      "resolved": "https://registry.npmjs.org/react-dom/-/react-dom-18.2.0.tgz",
      "integrity": "sha512-6IMTriUmvsjHUjNtEDudZfuDQUoWXVxKHhlEGSk81n4YFS+r/Kl99wXiwlVXtPBtJenozv2P+hxDsw9eA7Xo6g==",
      "dependencies": {
        "loose-envify": "^1.1.0",
        "scheduler": "^0.23.0"
      },
      "peerDependencies": {
        "react": "^18.2.0"
      }
    },
    "node_modules/resolve": {
      "version": "1.20.0",
      "resolved": "https://registry.npmjs.org/resolve/-/resolve-1.20.0.tgz",
      "integrity": "sha512-wENBPt4ySzg4ybFQW2TT1zMQucPK95HSh/nq2CFTZVOGut2+pQvSsgtda4d26YrYcr067wjbmzOG8byDPBX63A==",
      "dev": true,
      "dependencies": {
        "is-core-module": "^2.2.0",
        "path-parse": "^1.0.6"
      },
      "funding": {
        "url": "https://github.com/sponsors/ljharb"
      }
    },
    "node_modules/rollup": {
      "version": "2.52.7",
      "resolved": "https://registry.npmjs.org/rollup/-/rollup-2.52.7.tgz",
      "integrity": "sha512-55cSH4CCU6MaPr9TAOyrIC+7qFCHscL7tkNsm1MBfIJRRqRbCEY0mmeFn4Wg8FKsHtEH8r389Fz38r/o+kgXLg==",
      "dev": true,
      "bin": {
        "rollup": "dist/bin/rollup"
      },
      "engines": {
        "node": ">=10.0.0"
      },
      "optionalDependencies": {
        "fsevents": "~2.3.2"
      }
    },
    "node_modules/scheduler": {
      "version": "0.23.0",
      "resolved": "https://registry.npmjs.org/scheduler/-/scheduler-0.23.0.tgz",
      "integrity": "sha512-CtuThmgHNg7zIZWAXi3AsyIzA3n4xx7aNyjwC2VJldO2LMVDhFK+63xGqq6CsJH4rTAt6/M+N4GhZiDYPx9eUw==",
      "dependencies": {
        "loose-envify": "^1.1.0"
      }
    },
    "node_modules/source-map-js": {
      "version": "0.6.2",
      "resolved": "https://registry.npmjs.org/source-map-js/-/source-map-js-0.6.2.tgz",
      "integrity": "sha512-/3GptzWzu0+0MBQFrDKzw/DvvMTUORvgY6k6jd/VS6iCR4RDTKWH6v6WPwQoUO8667uQEf9Oe38DxAYWY5F/Ug==",
      "dev": true,
      "engines": {
        "node": ">=0.10.0"
      }
    },
    "node_modules/tough-cookie": {
      "version": "2.5.0",
      "resolved": "https://registry.npmjs.org/tough-cookie/-/tough-cookie-2.5.0.tgz",
      "integrity": "sha512-nlLsUzgm1kfLXSXfRZMc1KLAugd4hqJHDTvc2hDIwS3mZAfMEuMbc03SujMF+GEcpaX/qboeycw6iO8JwVv2+g==",
      "dependencies": {
        "psl": "^1.1.28",
        "punycode": "^2.1.1"
      },
      "engines": {
        "node": ">=0.8"
      }
    },
    "node_modules/tr46": {
      "version": "0.0.3",
      "resolved": "https://registry.npmjs.org/tr46/-/tr46-0.0.3.tgz",
      "integrity": "sha512-N3WMsuqV66lT30CrXNbEjx4GEwlow3v6rr4mCcv6prnfwhS01rkgyFdjPNBYd9br7LpXV1+Emh01fHnq2Gdgrw=="
    },
    "node_modules/vite": {
      "version": "2.4.0",
      "resolved": "https://registry.npmjs.org/vite/-/vite-2.4.0.tgz",
      "integrity": "sha512-FR+1hCyGt8i+ijMe9z4tIfUQ7BQThxGevp3IlmdXDBSJEPjbeDznbuJa/QVzXw2Mpxh7KCmveVI082h8nzcCNw==",
      "dev": true,
      "dependencies": {
        "esbuild": "^0.12.8",
        "postcss": "^8.3.5",
        "resolve": "^1.20.0",
        "rollup": "^2.38.5"
      },
      "bin": {
        "vite": "bin/vite.js"
      },
      "engines": {
        "node": ">=12.0.0"
      },
      "optionalDependencies": {
        "fsevents": "~2.3.2"
      }
    },
    "node_modules/webidl-conversions": {
      "version": "3.0.1",
      "resolved": "https://registry.npmjs.org/webidl-conversions/-/webidl-conversions-3.0.1.tgz",
      "integrity": "sha512-2JAn3z8AR6rjK8Sm8orRC0h/bcl/DqL7tRPdGZ4I1CjdF+EaMLmYxBHyXuKL849eucPFhvBoxMsflfOb8kxaeQ=="
    },
    "node_modules/whatwg-url": {
      "version": "5.0.0",
      "resolved": "https://registry.npmjs.org/whatwg-url/-/whatwg-url-5.0.0.tgz",
      "integrity": "sha512-saE57nupxk6v3HY35+jzBwYa0rKSy0XR8JSxZPwgLr7ys0IBzhGviA1/TUGJLmSVqs8pb9AnvICXEuOHLprYTw==",
      "dependencies": {
        "tr46": "~0.0.3",
        "webidl-conversions": "^3.0.0"
      }
    },
    "node_modules/ws": {
      "version": "6.2.2",
      "resolved": "https://registry.npmjs.org/ws/-/ws-6.2.2.tgz",
      "integrity": "sha512-zmhltoSR8u1cnDsD43TX59mzoMZsLKqUweyYBAIvTngR3shc0W6aOZylZmq/7hqyVxPdi+5Ud2QInblgyE72fw==",
      "dependencies": {
        "async-limiter": "~1.0.0"
      }
    }
  },
  "dependencies": {
    "@microsoft/signalr": {
      "version": "5.0.17",
      "resolved": "https://registry.npmjs.org/@microsoft/signalr/-/signalr-5.0.17.tgz",
      "integrity": "sha512-zTjFxjh67WWCe35ZipsqkktM5mM+MsckyyI2ZvFmYWR7ibpUoAyZI1DFdYfwXfsyBdlykDaW84o9lrB+9tDpaA==",
      "requires": {
        "abort-controller": "^3.0.0",
        "eventsource": "^1.0.7",
        "fetch-cookie": "^0.7.3",
        "node-fetch": "^2.6.7",
        "ws": "^6.0.0"
      }
    },
    "abort-controller": {
      "version": "3.0.0",
      "resolved": "https://registry.npmjs.org/abort-controller/-/abort-controller-3.0.0.tgz",
      "integrity": "sha512-h8lQ8tacZYnR3vNQTgibj+tODHI5/+l06Au2Pcriv/Gmet0eaj4TwWH41sO9wnHDiQsEj19q0drzdWdeAHtweg==",
      "requires": {
        "event-target-shim": "^5.0.0"
      }
    },
    "async-limiter": {
      "version": "1.0.1",
      "resolved": "https://registry.npmjs.org/async-limiter/-/async-limiter-1.0.1.tgz",
      "integrity": "sha512-csOlWGAcRFJaI6m+F2WKdnMKr4HhdhFVBk0H/QbJFMCr+uO2kwohwXQPxw/9OCxp05r5ghVBFSyioixx3gfkNQ=="
    },
    "colorette": {
      "version": "1.2.2",
      "resolved": "https://registry.npmjs.org/colorette/-/colorette-1.2.2.tgz",
      "integrity": "sha512-MKGMzyfeuutC/ZJ1cba9NqcNpfeqMUcYmyF1ZFY6/Cn7CNSAKx6a+s48sqLqyAiZuaP2TcqMhoo+dlwFnVxT9w==",
      "dev": true
    },
    "es6-denodeify": {
      "version": "0.1.5",
      "resolved": "https://registry.npmjs.org/es6-denodeify/-/es6-denodeify-0.1.5.tgz",
      "integrity": "sha512-731Rf4NqlPvhkT1pIF7r8vZxESJlWocNpXLuyPlVnfEGXlwuJaMvU5WpyyDjpudDC2cgXVX849xljzvQqBg1QQ=="
    },
    "esbuild": {
      "version": "0.12.14",
      "resolved": "https://registry.npmjs.org/esbuild/-/esbuild-0.12.14.tgz",
      "integrity": "sha512-z8p+6FGiplR7a3pPonXREbm+8IeXjBGvDpVidZmGB/AJMsJSfGCU+n7KOMCazA9AwvagadRWBhiKorC0w9WJvw==",
      "dev": true
    },
    "event-target-shim": {
      "version": "5.0.1",
      "resolved": "https://registry.npmjs.org/event-target-shim/-/event-target-shim-5.0.1.tgz",
      "integrity": "sha512-i/2XbnSz/uxRCU6+NdVJgKWDTM427+MqYbkQzD321DuCQJUqOuJKIA0IM2+W2xtYHdKOmZ4dR6fExsd4SXL+WQ=="
    },
    "eventsource": {
      "version": "1.1.2",
      "resolved": "https://registry.npmjs.org/eventsource/-/eventsource-1.1.2.tgz",
      "integrity": "sha512-xAH3zWhgO2/3KIniEKYPr8plNSzlGINOUqYj0m0u7AB81iRw8b/3E73W6AuU+6klLbaSFmZnaETQ2lXPfAydrA=="
    },
    "fetch-cookie": {
      "version": "0.7.3",
      "resolved": "https://registry.npmjs.org/fetch-cookie/-/fetch-cookie-0.7.3.tgz",
      "integrity": "sha512-rZPkLnI8x5V+zYAiz8QonAHsTb4BY+iFowFBI1RFn0zrO343AVp9X7/yUj/9wL6Ef/8fLls8b/vGtzUvmyAUGA==",
      "requires": {
        "es6-denodeify": "^0.1.1",
        "tough-cookie": "^2.3.3"
      }
    },
    "fsevents": {
      "version": "2.3.2",
      "resolved": "https://registry.npmjs.org/fsevents/-/fsevents-2.3.2.tgz",
      "integrity": "sha512-xiqMQR4xAeHTuB9uWm+fFRcIOgKBMiOBP+eXiyT7jsgVCq1bkVygt00oASowB7EdtpOHaaPgKt812P9ab+DDKA==",
      "dev": true,
      "optional": true
    },
    "function-bind": {
      "version": "1.1.1",
      "resolved": "https://registry.npmjs.org/function-bind/-/function-bind-1.1.1.tgz",
      "integrity": "sha512-yIovAzMX49sF8Yl58fSCWJ5svSLuaibPxXQJFLmBObTuCr0Mf1KiPopGM9NiFjiYBCbfaa2Fh6breQ6ANVTI0A==",
      "dev": true
    },
    "has": {
      "version": "1.0.3",
      "resolved": "https://registry.npmjs.org/has/-/has-1.0.3.tgz",
      "integrity": "sha512-f2dvO0VU6Oej7RkWJGrehjbzMAjFp5/VKPp5tTpWIV4JHHZK1/BxbFRtf/siA2SWTe09caDmVtYYzWEIbBS4zw==",
      "dev": true,
      "requires": {
        "function-bind": "^1.1.1"
      }
    },
    "is-core-module": {
      "version": "2.4.0",
      "resolved": "https://registry.npmjs.org/is-core-module/-/is-core-module-2.4.0.tgz",
      "integrity": "sha512-6A2fkfq1rfeQZjxrZJGerpLCTHRNEBiSgnu0+obeJpEPZRUooHgsizvzv0ZjJwOz3iWIHdJtVWJ/tmPr3D21/A==",
      "dev": true,
      "requires": {
        "has": "^1.0.3"
      }
    },
    "js-tokens": {
      "version": "4.0.0",
      "resolved": "https://registry.npmjs.org/js-tokens/-/js-tokens-4.0.0.tgz",
      "integrity": "sha512-RdJUflcE3cUzKiMqQgsCu06FPu9UdIJO0beYbPhHN4k6apgJtifcoCtT9bcxOpYBtpD2kCM6Sbzg4CausW/PKQ=="
    },
    "loose-envify": {
      "version": "1.4.0",
      "resolved": "https://registry.npmjs.org/loose-envify/-/loose-envify-1.4.0.tgz",
      "integrity": "sha512-lyuxPGr/Wfhrlem2CL/UcnUc1zcqKAImBDzukY7Y5F/yQiNdko6+fRLevlw1HgMySw7f611UIY408EtxRSoK3Q==",
      "requires": {
        "js-tokens": "^3.0.0 || ^4.0.0"
      }
    },
    "nanoid": {
      "version": "3.1.23",
      "resolved": "https://registry.npmjs.org/nanoid/-/nanoid-3.1.23.tgz",
      "integrity": "sha512-FiB0kzdP0FFVGDKlRLEQ1BgDzU87dy5NnzjeW9YZNt+/c3+q82EQDUwniSAUxp/F0gFNI1ZhKU1FqYsMuqZVnw==",
      "dev": true
    },
    "node-fetch": {
      "version": "2.6.7",
      "resolved": "https://registry.npmjs.org/node-fetch/-/node-fetch-2.6.7.tgz",
      "integrity": "sha512-ZjMPFEfVx5j+y2yF35Kzx5sF7kDzxuDj6ziH4FFbOp87zKDZNx8yExJIb05OGF4Nlt9IHFIMBkRl41VdvcNdbQ==",
      "requires": {
        "whatwg-url": "^5.0.0"
      }
    },
    "path-parse": {
      "version": "1.0.7",
      "resolved": "https://registry.npmjs.org/path-parse/-/path-parse-1.0.7.tgz",
      "integrity": "sha512-LDJzPVEEEPR+y48z93A0Ed0yXb8pAByGWo/k5YYdYgpY2/2EsOsksJrq7lOHxryrVOn1ejG6oAp8ahvOIQD8sw==",
      "dev": true
    },
    "postcss": {
      "version": "8.3.5",
      "resolved": "https://registry.npmjs.org/postcss/-/postcss-8.3.5.tgz",
      "integrity": "sha512-NxTuJocUhYGsMiMFHDUkmjSKT3EdH4/WbGF6GCi1NDGk+vbcUTun4fpbOqaPtD8IIsztA2ilZm2DhYCuyN58gA==",
      "dev": true,
      "requires": {
        "colorette": "^1.2.2",
        "nanoid": "^3.1.23",
        "source-map-js": "^0.6.2"
      }
    },
    "psl": {
      "version": "1.9.0",
      "resolved": "https://registry.npmjs.org/psl/-/psl-1.9.0.tgz",
      "integrity": "sha512-E/ZsdU4HLs/68gYzgGTkMicWTLPdAftJLfJFlLUAAKZGkStNU72sZjT66SnMDVOfOWY/YAoiD7Jxa9iHvngcag=="
    },
    "punycode": {
      "version": "2.1.1",
      "resolved": "https://registry.npmjs.org/punycode/-/punycode-2.1.1.tgz",
      "integrity": "sha512-XRsRjdf+j5ml+y/6GKHPZbrF/8p2Yga0JPtdqTIY2Xe5ohJPD9saDJJLPvp9+NSBprVvevdXZybnj2cv8OEd0A=="
    },
    "react": {
      "version": "18.2.0",
      "resolved": "https://registry.npmjs.org/react/-/react-18.2.0.tgz",
      "integrity": "sha512-/3IjMdb2L9QbBdWiW5e3P2/npwMBaU9mHCSCUzNln0ZCYbcfTsGbTJrU/kGemdH2IWmB2ioZ+zkxtmq6g09fGQ==",
      "requires": {
        "loose-envify": "^1.1.0"
      }
    },
    "react-dom": {
      "version": "18.2.0",
      "resolved": "https://registry.npmjs.org/react-dom/-/react-dom-18.2.0.tgz",
      "integrity": "sha512-6IMTriUmvsjHUjNtEDudZfuDQUoWXVxKHhlEGSk81n4YFS+r/Kl99wXiwlVXtPBtJenozv2P+hxDsw9eA7Xo6g==",
      "requires": {
        "loose-envify": "^1.1.0",
        "scheduler": "^0.23.0"
      }
    },
    "resolve": {
      "version": "1.20.0",
      "resolved": "https://registry.npmjs.org/resolve/-/resolve-1.20.0.tgz",
      "integrity": "sha512-wENBPt4ySzg4ybFQW2TT1zMQucPK95HSh/nq2CFTZVOGut2+pQvSsgtda4d26YrYcr067wjbmzOG8byDPBX63A==",
      "dev": true,
      "requires": {
        "is-core-module": "^2.2.0",
        "path-parse": "^1.0.6"
      }
    },
    "rollup": {
      "version": "2.52.7",
      "resolved": "https://registry.npmjs.org/rollup/-/rollup-2.52.7.tgz",
      "integrity": "sha512-55cSH4CCU6MaPr9TAOyrIC+7qFCHscL7tkNsm1MBfIJRRqRbCEY0mmeFn4Wg8FKsHtEH8r389Fz38r/o+kgXLg==",
      "dev": true,
      "requires": {
        "fsevents": "~2.3.2"
      }
    },
    "scheduler": {
      "version": "0.23.0",
      "resolved": "https://registry.npmjs.org/scheduler/-/scheduler-0.23.0.tgz",
      "integrity": "sha512-CtuThmgHNg7zIZWAXi3AsyIzA3n4xx7aNyjwC2VJldO2LMVDhFK+63xGqq6CsJH4rTAt6/M+N4GhZiDYPx9eUw==",
      "requires": {
        "loose-envify": "^1.1.0"
      }
    },
    "source-map-js": {
      "version": "0.6.2",
      "resolved": "https://registry.npmjs.org/source-map-js/-/source-map-js-0.6.2.tgz",
      "integrity": "sha512-/3GptzWzu0+0MBQFrDKzw/DvvMTUORvgY6k6jd/VS6iCR4RDTKWH6v6WPwQoUO8667uQEf9Oe38DxAYWY5F/Ug==",
      "dev": true
    },
    "tough-cookie": {
      "version": "2.5.0",
      "resolved": "https://registry.npmjs.org/tough-cookie/-/tough-cookie-2.5.0.tgz",
      "integrity": "sha512-nlLsUzgm1kfLXSXfRZMc1KLAugd4hqJHDTvc2hDIwS3mZAfMEuMbc03SujMF+GEcpaX/qboeycw6iO8JwVv2+g==",
      "requires": {
        "psl": "^1.1.28",
        "punycode": "^2.1.1"
      }
    },
    "tr46": {
      "version": "0.0.3",
      "resolved": "https://registry.npmjs.org/tr46/-/tr46-0.0.3.tgz",
      "integrity": "sha512-N3WMsuqV66lT30CrXNbEjx4GEwlow3v6rr4mCcv6prnfwhS01rkgyFdjPNBYd9br7LpXV1+Emh01fHnq2Gdgrw=="
    },
    "vite": {
      "version": "2.4.0",
      "resolved": "https://registry.npmjs.org/vite/-/vite-2.4.0.tgz",
      "integrity": "sha512-FR+1hCyGt8i+ijMe9z4tIfUQ7BQThxGevp3IlmdXDBSJEPjbeDznbuJa/QVzXw2Mpxh7KCmveVI082h8nzcCNw==",
      "dev": true,
      "requires": {
        "esbuild": "^0.12.8",
        "fsevents": "~2.3.2",
        "postcss": "^8.3.5",
        "resolve": "^1.20.0",
        "rollup": "^2.38.5"
      }
    },
    "webidl-conversions": {
      "version": "3.0.1",
      "resolved": "https://registry.npmjs.org/webidl-conversions/-/webidl-conversions-3.0.1.tgz",
      "integrity": "sha512-2JAn3z8AR6rjK8Sm8orRC0h/bcl/DqL7tRPdGZ4I1CjdF+EaMLmYxBHyXuKL849eucPFhvBoxMsflfOb8kxaeQ=="
    },
    "whatwg-url": {
      "version": "5.0.0",
      "resolved": "https://registry.npmjs.org/whatwg-url/-/whatwg-url-5.0.0.tgz",
      "integrity": "sha512-saE57nupxk6v3HY35+jzBwYa0rKSy0XR8JSxZPwgLr7ys0IBzhGviA1/TUGJLmSVqs8pb9AnvICXEuOHLprYTw==",
      "requires": {
        "tr46": "~0.0.3",
        "webidl-conversions": "^3.0.0"
      }
    },
    "ws": {
      "version": "6.2.2",
      "resolved": "https://registry.npmjs.org/ws/-/ws-6.2.2.tgz",
      "integrity": "sha512-zmhltoSR8u1cnDsD43TX59mzoMZsLKqUweyYBAIvTngR3shc0W6aOZylZmq/7hqyVxPdi+5Ud2QInblgyE72fw==",
      "requires": {
        "async-limiter": "~1.0.0"
      }
    }
  }
}
